
Microsoft Visual Studio Solution File, Format Version 12.00
# Visual Studio 14
VisualStudioVersion = 14.0.25420.1
MinimumVisualStudioVersion = 10.0.40219.1
Project("{8BC9CEB8-8B4A-11D0-8D11-00A0C91BC942}") = "vips_test", "vips_test\vips_test.vcxproj", "{E2CB0D67-BF85-4939-BDE5-8C4C979983D3}"
	ProjectSection(ProjectDependencies) = postProject
		{29A6F7A4-2ED4-4A7D-A837-A4616A679EDD} = {29A6F7A4-2ED4-4A7D-A837-A4616A679EDD}
	EndProjectSection
EndProject
Project("{8BC9CEB8-8B4A-11D0-8D11-00A0C91BC942}") = "libvips-cpp", "vips_cppbind\vips_cppbind.vcxproj", "{29A6F7A4-2ED4-4A7D-A837-A4616A679EDD}"
EndProject
Project("{8BC9CEB8-8B4A-11D0-8D11-00A0C91BC942}") = "LargeImgMfcDemo", "LargeImgMfcDemo\LargeImgMfcDemo.vcxproj", "{027397FD-FA8A-4E72-BE51-F7DC5290E227}"
	ProjectSection(ProjectDependencies) = postProject
		{29A6F7A4-2ED4-4A7D-A837-A4616A679EDD} = {29A6F7A4-2ED4-4A7D-A837-A4616A679EDD}
	EndProjectSection
EndProject
Project("{FAE04EC0-301F-11D3-BF4B-00C04F79EFBC}") = "DotNetVIPS", "DotNetVIPS\DotNetVIPS.csproj", "{CDD1D088-7CD5-4D64-9849-EC1E215B6E28}"
EndProject
Global
	GlobalSection(SolutionConfigurationPlatforms) = preSolution
		Debug|Any CPU = Debug|Any CPU
		Debug|x64 = Debug|x64
		Debug|x86 = Debug|x86
		Release|Any CPU = Release|Any CPU
		Release|x64 = Release|x64
		Release|x86 = Release|x86
	EndGlobalSection
	GlobalSection(ProjectConfigurationPlatforms) = postSolution
		{E2CB0D67-BF85-4939-BDE5-8C4C979983D3}.Debug|Any CPU.ActiveCfg = Debug|Win32
		{E2CB0D67-BF85-4939-BDE5-8C4C979983D3}.Debug|x64.ActiveCfg = Debug|x64
		{E2CB0D67-BF85-4939-BDE5-8C4C979983D3}.Debug|x64.Build.0 = Debug|x64
		{E2CB0D67-BF85-4939-BDE5-8C4C979983D3}.Debug|x86.ActiveCfg = Debug|Win32
		{E2CB0D67-BF85-4939-BDE5-8C4C979983D3}.Debug|x86.Build.0 = Debug|Win32
		{E2CB0D67-BF85-4939-BDE5-8C4C979983D3}.Release|Any CPU.ActiveCfg = Release|Win32
		{E2CB0D67-BF85-4939-BDE5-8C4C979983D3}.Release|x64.ActiveCfg = Release|x64
		{E2CB0D67-BF85-4939-BDE5-8C4C979983D3}.Release|x64.Build.0 = Release|x64
		{E2CB0D67-BF85-4939-BDE5-8C4C979983D3}.Release|x86.ActiveCfg = Release|Win32
		{E2CB0D67-BF85-4939-BDE5-8C4C979983D3}.Release|x86.Build.0 = Release|Win32
		{29A6F7A4-2ED4-4A7D-A837-A4616A679EDD}.Debug|Any CPU.ActiveCfg = Debug|Win32
		{29A6F7A4-2ED4-4A7D-A837-A4616A679EDD}.Debug|x64.ActiveCfg = Debug|x64
		{29A6F7A4-2ED4-4A7D-A837-A4616A679EDD}.Debug|x64.Build.0 = Debug|x64
		{29A6F7A4-2ED4-4A7D-A837-A4616A679EDD}.Debug|x86.ActiveCfg = Debug|Win32
		{29A6F7A4-2ED4-4A7D-A837-A4616A679EDD}.Debug|x86.Build.0 = Debug|Win32
		{29A6F7A4-2ED4-4A7D-A837-A4616A679EDD}.Release|Any CPU.ActiveCfg = Release|Win32
		{29A6F7A4-2ED4-4A7D-A837-A4616A679EDD}.Release|x64.ActiveCfg = Release|x64
		{29A6F7A4-2ED4-4A7D-A837-A4616A679EDD}.Release|x64.Build.0 = Release|x64
		{29A6F7A4-2ED4-4A7D-A837-A4616A679EDD}.Release|x86.ActiveCfg = Release|Win32
		{29A6F7A4-2ED4-4A7D-A837-A4616A679EDD}.Release|x86.Build.0 = Release|Win32
		{027397FD-FA8A-4E72-BE51-F7DC5290E227}.Debug|Any CPU.ActiveCfg = Debug|Win32
		{027397FD-FA8A-4E72-BE51-F7DC5290E227}.Debug|x64.ActiveCfg = Debug|x64
		{027397FD-FA8A-4E72-BE51-F7DC5290E227}.Debug|x64.Build.0 = Debug|x64
		{027397FD-FA8A-4E72-BE51-F7DC5290E227}.Debug|x86.ActiveCfg = Debug|Win32
		{027397FD-FA8A-4E72-BE51-F7DC5290E227}.Debug|x86.Build.0 = Debug|Win32
		{027397FD-FA8A-4E72-BE51-F7DC5290E227}.Release|Any CPU.ActiveCfg = Release|Win32
		{027397FD-FA8A-4E72-BE51-F7DC5290E227}.Release|x64.ActiveCfg = Release|x64
		{027397FD-FA8A-4E72-BE51-F7DC5290E227}.Release|x64.Build.0 = Release|x64
		{027397FD-FA8A-4E72-BE51-F7DC5290E227}.Release|x86.ActiveCfg = Release|Win32
		{027397FD-FA8A-4E72-BE51-F7DC5290E227}.Release|x86.Build.0 = Release|Win32
		{CDD1D088-7CD5-4D64-9849-EC1E215B6E28}.Debug|Any CPU.ActiveCfg = Debug|Any CPU
		{CDD1D088-7CD5-4D64-9849-EC1E215B6E28}.Debug|Any CPU.Build.0 = Debug|Any CPU
		{CDD1D088-7CD5-4D64-9849-EC1E215B6E28}.Debug|x64.ActiveCfg = Debug|Any CPU
		{CDD1D088-7CD5-4D64-9849-EC1E215B6E28}.Debug|x64.Build.0 = Debug|Any CPU
		{CDD1D088-7CD5-4D64-9849-EC1E215B6E28}.Debug|x86.ActiveCfg = Debug|Any CPU
		{CDD1D088-7CD5-4D64-9849-EC1E215B6E28}.Debug|x86.Build.0 = Debug|Any CPU
		{CDD1D088-7CD5-4D64-9849-EC1E215B6E28}.Release|Any CPU.ActiveCfg = Release|Any CPU
		{CDD1D088-7CD5-4D64-9849-EC1E215B6E28}.Release|Any CPU.Build.0 = Release|Any CPU
		{CDD1D088-7CD5-4D64-9849-EC1E215B6E28}.Release|x64.ActiveCfg = Release|Any CPU
		{CDD1D088-7CD5-4D64-9849-EC1E215B6E28}.Release|x64.Build.0 = Release|Any CPU
		{CDD1D088-7CD5-4D64-9849-EC1E215B6E28}.Release|x86.ActiveCfg = Release|Any CPU
		{CDD1D088-7CD5-4D64-9849-EC1E215B6E28}.Release|x86.Build.0 = Release|Any CPU
	EndGlobalSection
	GlobalSection(SolutionProperties) = preSolution
		HideSolutionNode = FALSE
	EndGlobalSection
EndGlobal
